// !$*UTF8*$!
{
	archiveVersion = 1;
	classes = {
	};
	objectVersion = 46;
	objects = {

/* Begin PBXBuildFile section */
		341F6EDD1DA6638B00868B77 /* AppDelegate.swift in Sources */ = {isa = PBXBuildFile; fileRef = 341F6EDC1DA6638B00868B77 /* AppDelegate.swift */; };
		341F6EDF1DA6638B00868B77 /* ViewController.swift in Sources */ = {isa = PBXBuildFile; fileRef = 341F6EDE1DA6638B00868B77 /* ViewController.swift */; };
		341F6EE21DA6638B00868B77 /* Main.storyboard in Resources */ = {isa = PBXBuildFile; fileRef = 341F6EE01DA6638B00868B77 /* Main.storyboard */; };
		341F6EE41DA6638B00868B77 /* Assets.xcassets in Resources */ = {isa = PBXBuildFile; fileRef = 341F6EE31DA6638B00868B77 /* Assets.xcassets */; };
		341F6EE71DA6638B00868B77 /* LaunchScreen.storyboard in Resources */ = {isa = PBXBuildFile; fileRef = 341F6EE51DA6638B00868B77 /* LaunchScreen.storyboard */; };
		3487FB6F1DB4DAB0008AF4E2 /* so-icon.png in Resources */ = {isa = PBXBuildFile; fileRef = 3487FB6E1DB4DAB0008AF4E2 /* so-icon.png */; };
/* End PBXBuildFile section */

/* Begin PBXFileReference section */
		341F6ED91DA6638B00868B77 /* ExpWKWebViewLoadImages.app */ = {isa = PBXFileReference; explicitFileType = wrapper.application; includeInIndex = 0; path = ExpWKWebViewLoadImages.app; sourceTree = BUILT_PRODUCTS_DIR; };
		341F6EDC1DA6638B00868B77 /* AppDelegate.swift */ = {isa = PBXFileReference; lastKnownFileType = sourcecode.swift; path = AppDelegate.swift; sourceTree = "<group>"; };
		341F6EDE1DA6638B00868B77 /* ViewController.swift */ = {isa = PBXFileReference; lastKnownFileType = sourcecode.swift; path = ViewController.swift; sourceTree = "<group>"; };
		341F6EE11DA6638B00868B77 /* Base */ = {isa = PBXFileReference; lastKnownFileType = file.storyboard; name = Base; path = Base.lproj/Main.storyboard; sourceTree = "<group>"; };
		341F6EE31DA6638B00868B77 /* Assets.xcassets */ = {isa = PBXFileReference; lastKnownFileType = folder.assetcatalog; path = Assets.xcassets; sourceTree = "<group>"; };
		341F6EE61DA6638B00868B77 /* Base */ = {isa = PBXFileReference; lastKnownFileType = file.storyboard; name = Base; path = Base.lproj/LaunchScreen.storyboard; sourceTree = "<group>"; };
		341F6EE81DA6638B00868B77 /* Info.plist */ = {isa = PBXFileReference; lastKnownFileType = text.plist.xml; path = Info.plist; sourceTree = "<group>"; };
		3487FB6E1DB4DAB0008AF4E2 /* so-icon.png */ = {isa = PBXFileReference; lastKnownFileType = image.png; path = "so-icon.png"; sourceTree = "<group>"; };
/* End PBXFileReference section */

/* Begin PBXFrameworksBuildPhase section */
		341F6ED61DA6638B00868B77 /* Frameworks */ = {
			isa = PBXFrameworksBuildPhase;
			buildActionMask = 2147483647;
			files = (
			);
			runOnlyForDeploymentPostprocessing = 0;
		};
/* End PBXFrameworksBuildPhase section */

/* Begin PBXGroup section */
		341F6ED01DA6638B00868B77 = {
			isa = PBXGroup;
			children = (
				341F6EDB1DA6638B00868B77 /* ExpWKWebViewLoadImages */,
				341F6EDA1DA6638B00868B77 /* Products */,
			);
			sourceTree = "<group>";
		};
		341F6EDA1DA6638B00868B77 /* Products */ = {
			isa = PBXGroup;
			children = (
				341F6ED91DA6638B00868B77 /* ExpWKWebViewLoadImages.app */,
			);
			name = Products;
			sourceTree = "<group>";
		};
		341F6EDB1DA6638B00868B77 /* ExpWKWebViewLoadImages */ = {
			isa = PBXGroup;
			children = (
				341F6EDC1DA6638B00868B77 /* AppDelegate.swift */,
				341F6EDE1DA6638B00868B77 /* ViewController.swift */,
				341F6EE01DA6638B00868B77 /* Main.storyboard */,
				3487FB6E1DB4DAB0008AF4E2 /* so-icon.png */,
				341F6EE31DA6638B00868B77 /* Assets.xcassets */,
				341F6EE51DA6638B00868B77 /* LaunchScreen.storyboard */,
				341F6EE81DA6638B00868B77 /* Info.plist */,
			);
			path = ExpWKWebViewLoadImages;
			sourceTree = "<group>";
		};
/* End PBXGroup section */

/* Begin PBXNativeTarget section */
		341F6ED81DA6638B00868B77 /* ExpWKWebViewLoadImages */ = {
			isa = PBXNativeTarget;
			buildConfigurationList = 341F6EEB1DA6638B00868B77 /* Build configuration list for PBXNativeTarget "ExpWKWebViewLoadImages" */;
			buildPhases = (
				341F6ED51DA6638B00868B77 /* Sources */,
				341F6ED61DA6638B00868B77 /* Frameworks */,
				341F6ED71DA6638B00868B77 /* Resources */,
			);
			buildRules = (
			);
			dependencies = (
			);
			name = ExpWKWebViewLoadImages;
			productName = ExpWKWebViewLoadImages;
			productReference = 341F6ED91DA6638B00868B77 /* ExpWKWebViewLoadImages.app */;
			productType = "com.apple.product-type.application";
		};
/* End PBXNativeTarget section */

/* Begin PBXProject section */
		341F6ED11DA6638B00868B77 /* Project object */ = {
			isa = PBXProject;
			attributes = {
				LastSwiftUpdateCheck = 0800;
				LastUpgradeCheck = 0800;
				ORGANIZATIONNAME = Kupferwerk;
				TargetAttributes = {
					341F6ED81DA6638B00868B77 = {
						CreatedOnToolsVersion = 8.0;
						DevelopmentTeam = LT5T7AJDUK;
						ProvisioningStyle = Automatic;
					};
				};
			};
			buildConfigurationList = 341F6ED41DA6638B00868B77 /* Build configuration list for PBXProject "ExpWKWebViewLoadImages" */;
			compatibilityVersion = "Xcode 3.2";
			developmentRegion = English;
			hasScannedForEncodings = 0;
			knownRegions = (
				en,
				Base,
			);
			mainGroup = 341F6ED01DA6638B00868B77;
			productRefGroup = 341F6EDA1DA6638B00868B77 /* Products */;
			projectDirPath = "";
			projectRoot = "";
			targets = (
				341F6ED81DA6638B00868B77 /* ExpWKWebViewLoadImages */,
			);
		};
/* End PBXProject section */

/* Begin PBXResourcesBuildPhase section */
		341F6ED71DA6638B00868B77 /* Resources */ = {
			isa = PBXResourcesBuildPhase;
			buildActionMask = 2147483647;
			files = (
				341F6EE71DA6638B00868B77 /* LaunchScreen.storyboard in Resources */,
				341F6EE41DA6638B00868B77 /* Assets.xcassets in Resources */,
				3487FB6F1DB4DAB0008AF4E2 /* so-icon.png in Resources */,
				341F6EE21DA6638B00868B77 /* Main.storyboard in Resources */,
			);
			runOnlyForDeploymentPostprocessing = 0;
		};
/* End PBXResourcesBuildPhase section */

/* Begin PBXSourcesBuildPhase section */
		341F6ED51DA6638B00868B77 /* Sources */ = {
			isa = PBXSourcesBuildPhase;
			buildActionMask = 2147483647;
			files = (
				341F6EDF1DA6638B00868B77 /* ViewController.swift in Sources */,
				341F6EDD1DA6638B00868B77 /* AppDelegate.swift in Sources */,
			);
			runOnlyForDeploymentPostprocessing = 0;
		};
/* End PBXSourcesBuildPhase section */

/* Begin PBXVariantGroup section */
		341F6EE01DA6638B00868B77 /* Main.storyboard */ = {
			isa = PBXVariantGroup;
			children = (
				341F6EE11DA6638B00868B77 /* Base */,
			);
			name = Main.storyboard;
			sourceTree = "<group>";
		};
		341F6EE51DA6638B00868B77 /* LaunchScreen.storyboard */ = {
			isa = PBXVariantGroup;
			children = (
				341F6EE61DA6638B00868B77 /* Base */,
			);
			name = LaunchScreen.storyboard;
			sourceTree = "<group>";
		};
/* End PBXVariantGroup section */

/* Begin XCBuildConfiguration section */
		341F6EE91DA6638B00868B77 /* Debug */ = {
			isa = XCBuildConfiguration;
			buildSettings = {
				ALWAYS_SEARCH_USER_PATHS = NO;
				CLANG_ANALYZER_NONNULL = YES;
				CLANG_CXX_LANGUAGE_STANDARD = "gnu++0x";
				CLANG_CXX_LIBRARY = "libc++";
				CLANG_ENABLE_MODULES = YES;
				CLANG_ENABLE_OBJC_ARC = YES;
				CLANG_WARN_BOOL_CONVERSION = YES;
				CLANG_WARN_CONSTANT_CONVERSION = YES;
				CLANG_WARN_DIRECT_OBJC_ISA_USAGE = YES_ERROR;
				CLANG_WARN_DOCUMENTATION_COMMENTS = YES;
				CLANG_WARN_EMPTY_BODY = YES;
				CLANG_WARN_ENUM_CONVERSION = YES;
				CLANG_WARN_INFINITE_RECURSION = YES;
				CLANG_WARN_INT_CONVERSION = YES;
				CLANG_WARN_OBJC_ROOT_CLASS = YES_ERROR;
				CLANG_WARN_SUSPICIOUS_MOVES = YES;
				CLANG_WARN_UNREACHABLE_CODE = YES;
				CLANG_WARN__DUPLICATE_METHOD_MATCH = YES;
				"CODE_SIGN_IDENTITY[sdk=iphoneos*]" = "iPhone Developer";
				COPY_PHASE_STRIP = NO;
				DEBUG_INFORMATION_FORMAT = dwarf;
				ENABLE_STRICT_OBJC_MSGSEND = YES;
				ENABLE_TESTABILITY = YES;
				GCC_C_LANGUAGE_STANDARD = gnu99;
				GCC_DYNAMIC_NO_PIC = NO;
				GCC_NO_COMMON_BLOCKS = YES;
				GCC_OPTIMIZATION_LEVEL = 0;
				GCC_PREPROCESSOR_DEFINITIONS = (
					"DEBUG=1",
					"$(inherited)",
				);
				GCC_WARN_64_TO_32_BIT_CONVERSION = YES;
				GCC_WARN_ABOUT_RETURN_TYPE = YES_ERROR;
				GCC_WARN_UNDECLARED_SELECTOR = YES;
				GCC_WARN_UNINITIALIZED_AUTOS = YES_AGGRESSIVE;
				GCC_WARN_UNUSED_FUNCTION = YES;
				GCC_WARN_UNUSED_VARIABLE = YES;
				IPHONEOS_DEPLOYMENT_TARGET = 10.0;
				MTL_ENABLE_DEBUG_INFO = YES;
				ONLY_ACTIVE_ARCH = YES;
				SDKROOT = iphoneos;
				SWIFT_ACTIVE_COMPILATION_CONDITIONS = DEBUG;
				SWIFT_OPTIMIZATION_LEVEL = "-Onone";
				TARGETED_DEVICE_FAMILY = "1,2";
			};
			name = Debug;
		};
		341F6EEA1DA6638B00868B77 /* Release */ = {
			isa = XCBuildConfiguration;
			buildSettings = {
				ALWAYS_SEARCH_USER_PATHS = NO;
				CLANG_ANALYZER_NONNULL = YES;
				CLANG_CXX_LANGUAGE_STANDARD = "gnu++0x";
				CLANG_CXX_LIBRARY = "libc++";
				CLANG_ENABLE_MODULES = YES;
				CLANG_ENABLE_OBJC_ARC = YES;
				CLANG_WARN_BOOL_CONVERSION = YES;
				CLANG_WARN_CONSTANT_CONVERSION = YES;
				CLANG_WARN_DIRECT_OBJC_ISA_USAGE = YES_ERROR;
				CLANG_WARN_DOCUMENTATION_COMMENTS = YES;
				CLANG_WARN_EMPTY_BODY = YES;
				CLANG_WARN_ENUM_CONVERSION = YES;
				CLANG_WARN_INFINITE_RECURSION = YES;
				CLANG_WARN_INT_CONVERSION = YES;
				CLANG_WARN_OBJC_ROOT_CLASS = YES_ERROR;
				CLANG_WARN_SUSPICIOUS_MOVES = YES;
				CLANG_WARN_UNREACHABLE_CODE = YES;
				CLANG_WARN__DUPLICATE_METHOD_MATCH = YES;
				"CODE_SIGN_IDENTITY[sdk=iphoneos*]" = "iPhone Developer";
				COPY_PHASE_STRIP = NO;
				DEBUG_INFORMATION_FORMAT = "dwarf-with-dsym";
				ENABLE_NS_ASSERTIONS = NO;
				ENABLE_STRICT_OBJC_MSGSEND = YES;
				GCC_C_LANGUAGE_STANDARD = gnu99;
				GCC_NO_COMMON_BLOCKS = YES;
				GCC_WARN_64_TO_32_BIT_CONVERSION = YES;
				GCC_WARN_ABOUT_RETURN_TYPE = YES_ERROR;
				GCC_WARN_UNDECLARED_SELECTOR = YES;
				GCC_WARN_UNINITIALIZED_AUTOS = YES_AGGRESSIVE;
				GCC_WARN_UNUSED_FUNCTION = YES;
				GCC_WARN_UNUSED_VARIABLE = YES;
				IPHONEOS_DEPLOYMENT_TARGET = 10.0;
				MTL_ENABLE_DEBUG_INFO = NO;
				SDKROOT = iphoneos;
				SWIFT_OPTIMIZATION_LEVEL = "-Owholemodule";
				TARGETED_DEVICE_FAMILY = "1,2";
				VALIDATE_PRODUCT = YES;
			};
			name = Release;
		};
		341F6EEC1DA6638B00868B77 /* Debug */ = {
			isa = XCBuildConfiguration;
			buildSettings = {
				ASSETCATALOG_COMPILER_APPICON_NAME = AppIcon;
				DEVELOPMENT_TEAM = LT5T7AJDUK;
				INFOPLIST_FILE = ExpWKWebViewLoadImages/Info.plist;
				IPHONEOS_DEPLOYMENT_TARGET = 9.0;
				LD_RUNPATH_SEARCH_PATHS = "$(inherited) @executable_path/Frameworks";
				PRODUCT_BUNDLE_IDENTIFIER = KW.ExpWKWebViewLoadImages;
				PRODUCT_NAME = "$(TARGET_NAME)";
				SWIFT_VERSION = 3.0;
			};
			name = Debug;
		};
		341F6EED1DA6638B00868B77 /* Release */ = {
			isa = XCBuildConfiguration;
			buildSettings = {
				ASSETCATALOG_COMPILER_APPICON_NAME = AppIcon;
				DEVELOPMENT_TEAM = LT5T7AJDUK;
				INFOPLIST_FILE = ExpWKWebViewLoadImages/Info.plist;
				IPHONEOS_DEPLOYMENT_TARGET = 9.0;
				LD_RUNPATH_SEARCH_PATHS = "$(inherited) @executable_path/Frameworks";
				PRODUCT_BUNDLE_IDENTIFIER = KW.ExpWKWebViewLoadImages;
				PRODUCT_NAME = "$(TARGET_NAME)";
				SWIFT_VERSION = 3.0;
			};
			name = Release;
		};
/* End XCBuildConfiguration section */

/* Begin XCConfigurationList section */
		341F6ED41DA6638B00868B77 /* Build configuration list for PBXProject "ExpWKWebViewLoadImages" */ = {
			isa = XCConfigurationList;
			buildConfigurations = (
				341F6EE91DA6638B00868B77 /* Debug */,
				341F6EEA1DA6638B00868B77 /* Release */,
			);
			defaultConfigurationIsVisible = 0;
			defaultConfigurationName = Release;
		};
		341F6EEB1DA6638B00868B77 /* Build configuration list for PBXNativeTarget "ExpWKWebViewLoadImages" */ = {
			isa = XCConfigurationList;
			buildConfigurations = (
				341F6EEC1DA6638B00868B77 /* Debug */,
				341F6EED1DA6638B00868B77 /* Release */,
			);
			defaultConfigurationIsVisible = 0;
			defaultConfigurationName = Release;
		};
/* End XCConfigurationList section */
	};
	rootObject = 341F6ED11DA6638B00868B77 /* Project object */;
}
